
Microsoft Visual Studio Solution File, Format Version 12.00
# Visual Studio 15
Project("{FAE04EC0-301F-11D3-BF4B-00C04F79EFBC}") = "Assembly-CSharp", "Assembly-CSharp.csproj", "{B64E154B-B1B3-6675-9A45-B08FF911CEB9}"
EndProject
Global
	GlobalSection(SolutionConfigurationPlatforms) = preSolution
		Debug|Any CPU = Debug|Any CPU
		Release|Any CPU = Release|Any CPU
	EndGlobalSection
	GlobalSection(ProjectConfigurationPlatforms) = postSolution
		{B64E154B-B1B3-6675-9A45-B08FF911CEB9}.Debug|Any CPU.ActiveCfg = Debug|Any CPU
		{B64E154B-B1B3-6675-9A45-B08FF911CEB9}.Debug|Any CPU.Build.0 = Debug|Any CPU
		{B64E154B-B1B3-6675-9A45-B08FF911CEB9}.Release|Any CPU.ActiveCfg = Release|Any CPU
		{B64E154B-B1B3-6675-9A45-B08FF911CEB9}.Release|Any CPU.Build.0 = Release|Any CPU
	EndGlobalSection
	GlobalSection(SolutionProperties) = preSolution
		HideSolutionNode = FALSE
	EndGlobalSection
EndGlobal
